
Microsoft Visual Studio Solution File, Format Version 10.00
# Visual C# Express 2008
Project("{FAE04EC0-301F-11D3-BF4B-00C04F79EFBC}") = "WindowsFormsApplication2", "WindowsFormsApplication2\WindowsFormsApplication2.csproj", "{782D6C6A-7B94-41B8-8142-F532686F477D}"
EndProject
Global
	GlobalSection(SolutionConfigurationPlatforms) = preSolution
		Debug|Any CPU = Debug|Any CPU
		Release|Any CPU = Release|Any CPU
	EndGlobalSection
	GlobalSection(ProjectConfigurationPlatforms) = postSolution
		{782D6C6A-7B94-41B8-8142-F532686F477D}.Debug|Any CPU.ActiveCfg = Debug|Any CPU
		{782D6C6A-7B94-41B8-8142-F532686F477D}.Debug|Any CPU.Build.0 = Debug|Any CPU
		{782D6C6A-7B94-41B8-8142-F532686F477D}.Release|Any CPU.ActiveCfg = Release|Any CPU
		{782D6C6A-7B94-41B8-8142-F532686F477D}.Release|Any CPU.Build.0 = Release|Any CPU
	EndGlobalSection
	GlobalSection(SolutionProperties) = preSolution
		HideSolutionNode = FALSE
	EndGlobalSection
EndGlobal
